
Microsoft Visual Studio Solution File, Format Version 12.00
# Visual Studio 2013
VisualStudioVersion = 12.0.31101.0
MinimumVisualStudioVersion = 10.0.40219.1
Project("{FAE04EC0-301F-11D3-BF4B-00C04F79EFBC}") = "ConsoleApplication1", "ConsoleApplication1\ConsoleApplication1.csproj", "{E8711168-0024-4DB2-B0C6-A90445E8B640}"
EndProject
Project("{FAE04EC0-301F-11D3-BF4B-00C04F79EFBC}") = "ConsoleApplication2", "ConsoleApplication2\ConsoleApplication2.csproj", "{E09359E2-93CD-4170-BB09-B501D119D052}"
EndProject
Project("{FAE04EC0-301F-11D3-BF4B-00C04F79EFBC}") = "ConsoleApplication3", "ConsoleApplication3\ConsoleApplication3.csproj", "{431F09C1-CBFB-4264-BE89-8215BE7C34D1}"
EndProject
Project("{FAE04EC0-301F-11D3-BF4B-00C04F79EFBC}") = "ConsoleApplication4", "ConsoleApplication4\ConsoleApplication4.csproj", "{CC5861AE-4C0A-4ADC-8D33-697859DBF4F1}"
EndProject
Global
	GlobalSection(SolutionConfigurationPlatforms) = preSolution
		Debug|Any CPU = Debug|Any CPU
		Release|Any CPU = Release|Any CPU
	EndGlobalSection
	GlobalSection(ProjectConfigurationPlatforms) = postSolution
		{E8711168-0024-4DB2-B0C6-A90445E8B640}.Debug|Any CPU.ActiveCfg = Debug|Any CPU
		{E8711168-0024-4DB2-B0C6-A90445E8B640}.Debug|Any CPU.Build.0 = Debug|Any CPU
		{E8711168-0024-4DB2-B0C6-A90445E8B640}.Release|Any CPU.ActiveCfg = Release|Any CPU
		{E8711168-0024-4DB2-B0C6-A90445E8B640}.Release|Any CPU.Build.0 = Release|Any CPU
		{E09359E2-93CD-4170-BB09-B501D119D052}.Debug|Any CPU.ActiveCfg = Debug|Any CPU
		{E09359E2-93CD-4170-BB09-B501D119D052}.Debug|Any CPU.Build.0 = Debug|Any CPU
		{E09359E2-93CD-4170-BB09-B501D119D052}.Release|Any CPU.ActiveCfg = Release|Any CPU
		{E09359E2-93CD-4170-BB09-B501D119D052}.Release|Any CPU.Build.0 = Release|Any CPU
		{431F09C1-CBFB-4264-BE89-8215BE7C34D1}.Debug|Any CPU.ActiveCfg = Debug|Any CPU
		{431F09C1-CBFB-4264-BE89-8215BE7C34D1}.Debug|Any CPU.Build.0 = Debug|Any CPU
		{431F09C1-CBFB-4264-BE89-8215BE7C34D1}.Release|Any CPU.ActiveCfg = Release|Any CPU
		{431F09C1-CBFB-4264-BE89-8215BE7C34D1}.Release|Any CPU.Build.0 = Release|Any CPU
		{CC5861AE-4C0A-4ADC-8D33-697859DBF4F1}.Debug|Any CPU.ActiveCfg = Debug|Any CPU
		{CC5861AE-4C0A-4ADC-8D33-697859DBF4F1}.Debug|Any CPU.Build.0 = Debug|Any CPU
		{CC5861AE-4C0A-4ADC-8D33-697859DBF4F1}.Release|Any CPU.ActiveCfg = Release|Any CPU
		{CC5861AE-4C0A-4ADC-8D33-697859DBF4F1}.Release|Any CPU.Build.0 = Release|Any CPU
	EndGlobalSection
	GlobalSection(SolutionProperties) = preSolution
		HideSolutionNode = FALSE
	EndGlobalSection
EndGlobal
