
Microsoft Visual Studio Solution File, Format Version 12.00
# Visual Studio 2013
VisualStudioVersion = 12.0.31101.0
MinimumVisualStudioVersion = 10.0.40219.1
Project("{FAE04EC0-301F-11D3-BF4B-00C04F79EFBC}") = "4.1", "ConsoleApplication22\4.1.csproj", "{792F79D9-4353-4734-A4A9-EB5FA07B079A}"
EndProject
Project("{FAE04EC0-301F-11D3-BF4B-00C04F79EFBC}") = "4.2", "ConsoleApplication1\4.2.csproj", "{3382013A-CDE1-4A1E-8679-D91390924096}"
EndProject
Project("{FAE04EC0-301F-11D3-BF4B-00C04F79EFBC}") = "4.3", "ConsoleApplication2\4.3.csproj", "{8C59A617-6A48-438A-ACFA-351881FD0888}"
EndProject
Project("{FAE04EC0-301F-11D3-BF4B-00C04F79EFBC}") = "4.4", "ConsoleApplication3\4.4.csproj", "{72F8E5AA-0981-4334-8572-C9ACAFB9C07E}"
EndProject
Project("{FAE04EC0-301F-11D3-BF4B-00C04F79EFBC}") = "4.5", "ConsoleApplication4\4.5.csproj", "{32CD4108-41A1-4ACE-B9A6-68263049B491}"
EndProject
Project("{FAE04EC0-301F-11D3-BF4B-00C04F79EFBC}") = "4.6", "ConsoleApplication5\4.6.csproj", "{61EDD3A6-B519-43EB-9BC7-51AA5BC11FF8}"
EndProject
Project("{FAE04EC0-301F-11D3-BF4B-00C04F79EFBC}") = "4.7", "ConsoleApplication6\4.7.csproj", "{33166D2B-B30D-4D64-9976-235CF16BDEAA}"
EndProject
Project("{FAE04EC0-301F-11D3-BF4B-00C04F79EFBC}") = "5.1", "zada4a 1 5.1\5.1.csproj", "{B4934F28-D737-4865-93C5-A6D9131EAFA4}"
EndProject
Project("{FAE04EC0-301F-11D3-BF4B-00C04F79EFBC}") = "5.2", "5.2\5.2.csproj", "{E8406E4E-C4C7-4528-A7C1-418C5D90EB5C}"
EndProject
Project("{FAE04EC0-301F-11D3-BF4B-00C04F79EFBC}") = "5.3", "5.3\5.3.csproj", "{2D8BB533-80F3-414A-A5AC-20BCE00B0ABF}"
EndProject
Project("{FAE04EC0-301F-11D3-BF4B-00C04F79EFBC}") = "5.4", "5.4\5.4.csproj", "{D24A75C6-75D2-4FFD-9064-F8178D84E380}"
EndProject
Project("{FAE04EC0-301F-11D3-BF4B-00C04F79EFBC}") = "5.5", "ConsoleApplication7\5.5.csproj", "{C18FA38B-E4D1-42D1-848F-7A857EF89600}"
EndProject
Project("{FAE04EC0-301F-11D3-BF4B-00C04F79EFBC}") = "4.8", "ConsoleApplication8\4.8.csproj", "{B3FB39DB-F5FA-44FE-8C2B-85B903053E5E}"
EndProject
Project("{FAE04EC0-301F-11D3-BF4B-00C04F79EFBC}") = "5.6", "ConsoleApplication9\5.6.csproj", "{64AE3561-BB9F-440D-86A7-6A62E38C2610}"
EndProject
Project("{FAE04EC0-301F-11D3-BF4B-00C04F79EFBC}") = "5.7", "ConsoleApplication10\5.7.csproj", "{3A84EC8D-6052-410B-93C5-CA779CB08182}"
EndProject
Global
	GlobalSection(SolutionConfigurationPlatforms) = preSolution
		Debug|Any CPU = Debug|Any CPU
		Release|Any CPU = Release|Any CPU
	EndGlobalSection
	GlobalSection(ProjectConfigurationPlatforms) = postSolution
		{792F79D9-4353-4734-A4A9-EB5FA07B079A}.Debug|Any CPU.ActiveCfg = Debug|Any CPU
		{792F79D9-4353-4734-A4A9-EB5FA07B079A}.Debug|Any CPU.Build.0 = Debug|Any CPU
		{792F79D9-4353-4734-A4A9-EB5FA07B079A}.Release|Any CPU.ActiveCfg = Release|Any CPU
		{792F79D9-4353-4734-A4A9-EB5FA07B079A}.Release|Any CPU.Build.0 = Release|Any CPU
		{3382013A-CDE1-4A1E-8679-D91390924096}.Debug|Any CPU.ActiveCfg = Debug|Any CPU
		{3382013A-CDE1-4A1E-8679-D91390924096}.Debug|Any CPU.Build.0 = Debug|Any CPU
		{3382013A-CDE1-4A1E-8679-D91390924096}.Release|Any CPU.ActiveCfg = Release|Any CPU
		{3382013A-CDE1-4A1E-8679-D91390924096}.Release|Any CPU.Build.0 = Release|Any CPU
		{8C59A617-6A48-438A-ACFA-351881FD0888}.Debug|Any CPU.ActiveCfg = Debug|Any CPU
		{8C59A617-6A48-438A-ACFA-351881FD0888}.Debug|Any CPU.Build.0 = Debug|Any CPU
		{8C59A617-6A48-438A-ACFA-351881FD0888}.Release|Any CPU.ActiveCfg = Release|Any CPU
		{8C59A617-6A48-438A-ACFA-351881FD0888}.Release|Any CPU.Build.0 = Release|Any CPU
		{72F8E5AA-0981-4334-8572-C9ACAFB9C07E}.Debug|Any CPU.ActiveCfg = Debug|Any CPU
		{72F8E5AA-0981-4334-8572-C9ACAFB9C07E}.Debug|Any CPU.Build.0 = Debug|Any CPU
		{72F8E5AA-0981-4334-8572-C9ACAFB9C07E}.Release|Any CPU.ActiveCfg = Release|Any CPU
		{72F8E5AA-0981-4334-8572-C9ACAFB9C07E}.Release|Any CPU.Build.0 = Release|Any CPU
		{32CD4108-41A1-4ACE-B9A6-68263049B491}.Debug|Any CPU.ActiveCfg = Debug|Any CPU
		{32CD4108-41A1-4ACE-B9A6-68263049B491}.Debug|Any CPU.Build.0 = Debug|Any CPU
		{32CD4108-41A1-4ACE-B9A6-68263049B491}.Release|Any CPU.ActiveCfg = Release|Any CPU
		{32CD4108-41A1-4ACE-B9A6-68263049B491}.Release|Any CPU.Build.0 = Release|Any CPU
		{61EDD3A6-B519-43EB-9BC7-51AA5BC11FF8}.Debug|Any CPU.ActiveCfg = Debug|Any CPU
		{61EDD3A6-B519-43EB-9BC7-51AA5BC11FF8}.Debug|Any CPU.Build.0 = Debug|Any CPU
		{61EDD3A6-B519-43EB-9BC7-51AA5BC11FF8}.Release|Any CPU.ActiveCfg = Release|Any CPU
		{61EDD3A6-B519-43EB-9BC7-51AA5BC11FF8}.Release|Any CPU.Build.0 = Release|Any CPU
		{33166D2B-B30D-4D64-9976-235CF16BDEAA}.Debug|Any CPU.ActiveCfg = Debug|Any CPU
		{33166D2B-B30D-4D64-9976-235CF16BDEAA}.Debug|Any CPU.Build.0 = Debug|Any CPU
		{33166D2B-B30D-4D64-9976-235CF16BDEAA}.Release|Any CPU.ActiveCfg = Release|Any CPU
		{33166D2B-B30D-4D64-9976-235CF16BDEAA}.Release|Any CPU.Build.0 = Release|Any CPU
		{B4934F28-D737-4865-93C5-A6D9131EAFA4}.Debug|Any CPU.ActiveCfg = Debug|Any CPU
		{B4934F28-D737-4865-93C5-A6D9131EAFA4}.Debug|Any CPU.Build.0 = Debug|Any CPU
		{B4934F28-D737-4865-93C5-A6D9131EAFA4}.Release|Any CPU.ActiveCfg = Release|Any CPU
		{B4934F28-D737-4865-93C5-A6D9131EAFA4}.Release|Any CPU.Build.0 = Release|Any CPU
		{E8406E4E-C4C7-4528-A7C1-418C5D90EB5C}.Debug|Any CPU.ActiveCfg = Debug|Any CPU
		{E8406E4E-C4C7-4528-A7C1-418C5D90EB5C}.Debug|Any CPU.Build.0 = Debug|Any CPU
		{E8406E4E-C4C7-4528-A7C1-418C5D90EB5C}.Release|Any CPU.ActiveCfg = Release|Any CPU
		{E8406E4E-C4C7-4528-A7C1-418C5D90EB5C}.Release|Any CPU.Build.0 = Release|Any CPU
		{2D8BB533-80F3-414A-A5AC-20BCE00B0ABF}.Debug|Any CPU.ActiveCfg = Debug|Any CPU
		{2D8BB533-80F3-414A-A5AC-20BCE00B0ABF}.Debug|Any CPU.Build.0 = Debug|Any CPU
		{2D8BB533-80F3-414A-A5AC-20BCE00B0ABF}.Release|Any CPU.ActiveCfg = Release|Any CPU
		{2D8BB533-80F3-414A-A5AC-20BCE00B0ABF}.Release|Any CPU.Build.0 = Release|Any CPU
		{D24A75C6-75D2-4FFD-9064-F8178D84E380}.Debug|Any CPU.ActiveCfg = Debug|Any CPU
		{D24A75C6-75D2-4FFD-9064-F8178D84E380}.Debug|Any CPU.Build.0 = Debug|Any CPU
		{D24A75C6-75D2-4FFD-9064-F8178D84E380}.Release|Any CPU.ActiveCfg = Release|Any CPU
		{D24A75C6-75D2-4FFD-9064-F8178D84E380}.Release|Any CPU.Build.0 = Release|Any CPU
		{C18FA38B-E4D1-42D1-848F-7A857EF89600}.Debug|Any CPU.ActiveCfg = Debug|Any CPU
		{C18FA38B-E4D1-42D1-848F-7A857EF89600}.Debug|Any CPU.Build.0 = Debug|Any CPU
		{C18FA38B-E4D1-42D1-848F-7A857EF89600}.Release|Any CPU.ActiveCfg = Release|Any CPU
		{C18FA38B-E4D1-42D1-848F-7A857EF89600}.Release|Any CPU.Build.0 = Release|Any CPU
		{B3FB39DB-F5FA-44FE-8C2B-85B903053E5E}.Debug|Any CPU.ActiveCfg = Debug|Any CPU
		{B3FB39DB-F5FA-44FE-8C2B-85B903053E5E}.Debug|Any CPU.Build.0 = Debug|Any CPU
		{B3FB39DB-F5FA-44FE-8C2B-85B903053E5E}.Release|Any CPU.ActiveCfg = Release|Any CPU
		{B3FB39DB-F5FA-44FE-8C2B-85B903053E5E}.Release|Any CPU.Build.0 = Release|Any CPU
		{64AE3561-BB9F-440D-86A7-6A62E38C2610}.Debug|Any CPU.ActiveCfg = Debug|Any CPU
		{64AE3561-BB9F-440D-86A7-6A62E38C2610}.Debug|Any CPU.Build.0 = Debug|Any CPU
		{64AE3561-BB9F-440D-86A7-6A62E38C2610}.Release|Any CPU.ActiveCfg = Release|Any CPU
		{64AE3561-BB9F-440D-86A7-6A62E38C2610}.Release|Any CPU.Build.0 = Release|Any CPU
		{3A84EC8D-6052-410B-93C5-CA779CB08182}.Debug|Any CPU.ActiveCfg = Debug|Any CPU
		{3A84EC8D-6052-410B-93C5-CA779CB08182}.Debug|Any CPU.Build.0 = Debug|Any CPU
		{3A84EC8D-6052-410B-93C5-CA779CB08182}.Release|Any CPU.ActiveCfg = Release|Any CPU
		{3A84EC8D-6052-410B-93C5-CA779CB08182}.Release|Any CPU.Build.0 = Release|Any CPU
	EndGlobalSection
	GlobalSection(SolutionProperties) = preSolution
		HideSolutionNode = FALSE
	EndGlobalSection
EndGlobal
